
Microsoft Visual Studio Solution File, Format Version 12.00
# Visual Studio Version 17
VisualStudioVersion = 17.7.34031.279
MinimumVisualStudioVersion = 10.0.40219.1
Project("{FAE04EC0-301F-11D3-BF4B-00C04F79EFBC}") = "Zeyt.Refit_Dad_Jokes_Api", "Zeyt.Refit_Dad_Jokes_Api\Zeyt.Refit_Dad_Jokes_Api.csproj", "{DAE60456-2DB8-4A4D-BE59-43937E09A2FE}"
EndProject
Global
	GlobalSection(SolutionConfigurationPlatforms) = preSolution
		Debug|Any CPU = Debug|Any CPU
		Release|Any CPU = Release|Any CPU
	EndGlobalSection
	GlobalSection(ProjectConfigurationPlatforms) = postSolution
		{DAE60456-2DB8-4A4D-BE59-43937E09A2FE}.Debug|Any CPU.ActiveCfg = Debug|Any CPU
		{DAE60456-2DB8-4A4D-BE59-43937E09A2FE}.Debug|Any CPU.Build.0 = Debug|Any CPU
		{DAE60456-2DB8-4A4D-BE59-43937E09A2FE}.Release|Any CPU.ActiveCfg = Release|Any CPU
		{DAE60456-2DB8-4A4D-BE59-43937E09A2FE}.Release|Any CPU.Build.0 = Release|Any CPU
	EndGlobalSection
	GlobalSection(SolutionProperties) = preSolution
		HideSolutionNode = FALSE
	EndGlobalSection
	GlobalSection(ExtensibilityGlobals) = postSolution
		SolutionGuid = {8F611EBF-3C2B-451E-BA3A-DA26FD86AA51}
	EndGlobalSection
EndGlobal
